
Microsoft Visual Studio Solution File, Format Version 12.00
# Visual Studio Version 17
VisualStudioVersion = 17.8.34330.188
MinimumVisualStudioVersion = 10.0.40219.1
Project("{FAE04EC0-301F-11D3-BF4B-00C04F79EFBC}") = "Base.UI", "GJJ.PointClouds\Base.UI.csproj", "{C07D67A6-A417-4684-820D-EF2CB0E772C1}"
EndProject
Project("{2150E333-8FDC-42A3-9474-1A3956D46DE8}") = "1.Start", "1.Start", "{C516A7AF-86B7-4D41-9C6E-BCB105C6A314}"
EndProject
Project("{FAE04EC0-301F-11D3-BF4B-00C04F79EFBC}") = "Base.Common", "Common\Base.Common.csproj", "{BC2F963B-16B9-4C40-94C6-C45D267BE8B1}"
EndProject
Project("{2150E333-8FDC-42A3-9474-1A3956D46DE8}") = "4.Model", "4.Model", "{9EFD6897-2499-4A30-8196-2EC9B5DA2F42}"
EndProject
Project("{2150E333-8FDC-42A3-9474-1A3956D46DE8}") = "0.Common", "0.Common", "{A510E9C7-10B9-4995-9B89-1FF520D57D4B}"
EndProject
Project("{2150E333-8FDC-42A3-9474-1A3956D46DE8}") = "5.ASSETS", "5.ASSETS", "{3FF36E9A-5ACA-4D43-AF8D-8774B55CADDD}"
EndProject
Project("{FAE04EC0-301F-11D3-BF4B-00C04F79EFBC}") = "GJJ.Assets", "GJJ.Assets\GJJ.Assets.csproj", "{4E1AE57C-1581-4117-927B-EABB3C321C6A}"
EndProject
Project("{FAE04EC0-301F-11D3-BF4B-00C04F79EFBC}") = "GJJ.Model", "GJJ.Model\GJJ.Model.csproj", "{AC3CB188-3DA7-46C7-A836-25EE9FF64AA2}"
EndProject
Project("{FAE04EC0-301F-11D3-BF4B-00C04F79EFBC}") = "Base.DataConvertLib", "Base.DataConvertLib\Base.DataConvertLib.csproj", "{08AEBFBF-F3CF-4F30-B811-C70B41738CAC}"
EndProject
Project("{FAE04EC0-301F-11D3-BF4B-00C04F79EFBC}") = "Base.Helper", "Base.WPF.MultiTHMonitorHelper\Base.Helper.csproj", "{501C38F0-C79F-4E3F-BD3F-EF58A6715347}"
EndProject
Project("{FAE04EC0-301F-11D3-BF4B-00C04F79EFBC}") = "Base.CommunicationLib", "thinger.CommunicationLib\Base.CommunicationLib.csproj", "{ACA31BAE-3E02-4B31-9886-83A6017570D9}"
EndProject
Global
	GlobalSection(SolutionConfigurationPlatforms) = preSolution
		Debug|Any CPU = Debug|Any CPU
		Debug|x64 = Debug|x64
		Release|Any CPU = Release|Any CPU
		Release|x64 = Release|x64
	EndGlobalSection
	GlobalSection(ProjectConfigurationPlatforms) = postSolution
		{C07D67A6-A417-4684-820D-EF2CB0E772C1}.Debug|Any CPU.ActiveCfg = Debug|Any CPU
		{C07D67A6-A417-4684-820D-EF2CB0E772C1}.Debug|Any CPU.Build.0 = Debug|Any CPU
		{C07D67A6-A417-4684-820D-EF2CB0E772C1}.Debug|x64.ActiveCfg = Debug|Any CPU
		{C07D67A6-A417-4684-820D-EF2CB0E772C1}.Debug|x64.Build.0 = Debug|Any CPU
		{C07D67A6-A417-4684-820D-EF2CB0E772C1}.Release|Any CPU.ActiveCfg = Release|Any CPU
		{C07D67A6-A417-4684-820D-EF2CB0E772C1}.Release|Any CPU.Build.0 = Release|Any CPU
		{C07D67A6-A417-4684-820D-EF2CB0E772C1}.Release|x64.ActiveCfg = Release|Any CPU
		{C07D67A6-A417-4684-820D-EF2CB0E772C1}.Release|x64.Build.0 = Release|Any CPU
		{BC2F963B-16B9-4C40-94C6-C45D267BE8B1}.Debug|Any CPU.ActiveCfg = Debug|Any CPU
		{BC2F963B-16B9-4C40-94C6-C45D267BE8B1}.Debug|Any CPU.Build.0 = Debug|Any CPU
		{BC2F963B-16B9-4C40-94C6-C45D267BE8B1}.Debug|x64.ActiveCfg = Debug|Any CPU
		{BC2F963B-16B9-4C40-94C6-C45D267BE8B1}.Debug|x64.Build.0 = Debug|Any CPU
		{BC2F963B-16B9-4C40-94C6-C45D267BE8B1}.Release|Any CPU.ActiveCfg = Release|Any CPU
		{BC2F963B-16B9-4C40-94C6-C45D267BE8B1}.Release|Any CPU.Build.0 = Release|Any CPU
		{BC2F963B-16B9-4C40-94C6-C45D267BE8B1}.Release|x64.ActiveCfg = Release|Any CPU
		{BC2F963B-16B9-4C40-94C6-C45D267BE8B1}.Release|x64.Build.0 = Release|Any CPU
		{4E1AE57C-1581-4117-927B-EABB3C321C6A}.Debug|Any CPU.ActiveCfg = Debug|Any CPU
		{4E1AE57C-1581-4117-927B-EABB3C321C6A}.Debug|Any CPU.Build.0 = Debug|Any CPU
		{4E1AE57C-1581-4117-927B-EABB3C321C6A}.Debug|x64.ActiveCfg = Debug|Any CPU
		{4E1AE57C-1581-4117-927B-EABB3C321C6A}.Debug|x64.Build.0 = Debug|Any CPU
		{4E1AE57C-1581-4117-927B-EABB3C321C6A}.Release|Any CPU.ActiveCfg = Release|Any CPU
		{4E1AE57C-1581-4117-927B-EABB3C321C6A}.Release|Any CPU.Build.0 = Release|Any CPU
		{4E1AE57C-1581-4117-927B-EABB3C321C6A}.Release|x64.ActiveCfg = Release|Any CPU
		{4E1AE57C-1581-4117-927B-EABB3C321C6A}.Release|x64.Build.0 = Release|Any CPU
		{AC3CB188-3DA7-46C7-A836-25EE9FF64AA2}.Debug|Any CPU.ActiveCfg = Debug|Any CPU
		{AC3CB188-3DA7-46C7-A836-25EE9FF64AA2}.Debug|Any CPU.Build.0 = Debug|Any CPU
		{AC3CB188-3DA7-46C7-A836-25EE9FF64AA2}.Debug|x64.ActiveCfg = Debug|Any CPU
		{AC3CB188-3DA7-46C7-A836-25EE9FF64AA2}.Debug|x64.Build.0 = Debug|Any CPU
		{AC3CB188-3DA7-46C7-A836-25EE9FF64AA2}.Release|Any CPU.ActiveCfg = Release|Any CPU
		{AC3CB188-3DA7-46C7-A836-25EE9FF64AA2}.Release|Any CPU.Build.0 = Release|Any CPU
		{AC3CB188-3DA7-46C7-A836-25EE9FF64AA2}.Release|x64.ActiveCfg = Release|Any CPU
		{AC3CB188-3DA7-46C7-A836-25EE9FF64AA2}.Release|x64.Build.0 = Release|Any CPU
		{08AEBFBF-F3CF-4F30-B811-C70B41738CAC}.Debug|Any CPU.ActiveCfg = Debug|Any CPU
		{08AEBFBF-F3CF-4F30-B811-C70B41738CAC}.Debug|Any CPU.Build.0 = Debug|Any CPU
		{08AEBFBF-F3CF-4F30-B811-C70B41738CAC}.Debug|x64.ActiveCfg = Debug|Any CPU
		{08AEBFBF-F3CF-4F30-B811-C70B41738CAC}.Debug|x64.Build.0 = Debug|Any CPU
		{08AEBFBF-F3CF-4F30-B811-C70B41738CAC}.Release|Any CPU.ActiveCfg = Release|Any CPU
		{08AEBFBF-F3CF-4F30-B811-C70B41738CAC}.Release|Any CPU.Build.0 = Release|Any CPU
		{08AEBFBF-F3CF-4F30-B811-C70B41738CAC}.Release|x64.ActiveCfg = Release|Any CPU
		{08AEBFBF-F3CF-4F30-B811-C70B41738CAC}.Release|x64.Build.0 = Release|Any CPU
		{501C38F0-C79F-4E3F-BD3F-EF58A6715347}.Debug|Any CPU.ActiveCfg = Debug|Any CPU
		{501C38F0-C79F-4E3F-BD3F-EF58A6715347}.Debug|Any CPU.Build.0 = Debug|Any CPU
		{501C38F0-C79F-4E3F-BD3F-EF58A6715347}.Debug|x64.ActiveCfg = Debug|Any CPU
		{501C38F0-C79F-4E3F-BD3F-EF58A6715347}.Debug|x64.Build.0 = Debug|Any CPU
		{501C38F0-C79F-4E3F-BD3F-EF58A6715347}.Release|Any CPU.ActiveCfg = Release|Any CPU
		{501C38F0-C79F-4E3F-BD3F-EF58A6715347}.Release|Any CPU.Build.0 = Release|Any CPU
		{501C38F0-C79F-4E3F-BD3F-EF58A6715347}.Release|x64.ActiveCfg = Release|Any CPU
		{501C38F0-C79F-4E3F-BD3F-EF58A6715347}.Release|x64.Build.0 = Release|Any CPU
		{ACA31BAE-3E02-4B31-9886-83A6017570D9}.Debug|Any CPU.ActiveCfg = Debug|Any CPU
		{ACA31BAE-3E02-4B31-9886-83A6017570D9}.Debug|Any CPU.Build.0 = Debug|Any CPU
		{ACA31BAE-3E02-4B31-9886-83A6017570D9}.Debug|x64.ActiveCfg = Debug|Any CPU
		{ACA31BAE-3E02-4B31-9886-83A6017570D9}.Debug|x64.Build.0 = Debug|Any CPU
		{ACA31BAE-3E02-4B31-9886-83A6017570D9}.Release|Any CPU.ActiveCfg = Release|Any CPU
		{ACA31BAE-3E02-4B31-9886-83A6017570D9}.Release|Any CPU.Build.0 = Release|Any CPU
		{ACA31BAE-3E02-4B31-9886-83A6017570D9}.Release|x64.ActiveCfg = Release|Any CPU
		{ACA31BAE-3E02-4B31-9886-83A6017570D9}.Release|x64.Build.0 = Release|Any CPU
	EndGlobalSection
	GlobalSection(SolutionProperties) = preSolution
		HideSolutionNode = FALSE
	EndGlobalSection
	GlobalSection(NestedProjects) = preSolution
		{C07D67A6-A417-4684-820D-EF2CB0E772C1} = {C516A7AF-86B7-4D41-9C6E-BCB105C6A314}
		{BC2F963B-16B9-4C40-94C6-C45D267BE8B1} = {A510E9C7-10B9-4995-9B89-1FF520D57D4B}
		{4E1AE57C-1581-4117-927B-EABB3C321C6A} = {3FF36E9A-5ACA-4D43-AF8D-8774B55CADDD}
		{AC3CB188-3DA7-46C7-A836-25EE9FF64AA2} = {9EFD6897-2499-4A30-8196-2EC9B5DA2F42}
		{08AEBFBF-F3CF-4F30-B811-C70B41738CAC} = {A510E9C7-10B9-4995-9B89-1FF520D57D4B}
		{501C38F0-C79F-4E3F-BD3F-EF58A6715347} = {A510E9C7-10B9-4995-9B89-1FF520D57D4B}
		{ACA31BAE-3E02-4B31-9886-83A6017570D9} = {A510E9C7-10B9-4995-9B89-1FF520D57D4B}
	EndGlobalSection
	GlobalSection(ExtensibilityGlobals) = postSolution
		SolutionGuid = {6B7914DD-2F9D-4FF3-A23B-951D7A02CA1D}
	EndGlobalSection
EndGlobal
